
Microsoft Visual Studio Solution File, Format Version 11.00
# Visual C# Express 2010
Project("{FAE04EC0-301F-11D3-BF4B-00C04F79EFBC}") = "WpfGestionMagasinFrontOffice", "WpfGestionMagasinFrontOffice\WpfGestionMagasinFrontOffice.csproj", "{2D5DC970-FD76-4680-BA9E-93F2537C4FCD}"
	ProjectSection(ProjectDependencies) = postProject
		{46DE3BDB-D8E4-4CA4-A900-BDA26473290A} = {46DE3BDB-D8E4-4CA4-A900-BDA26473290A}
	EndProjectSection
EndProject
Project("{FAE04EC0-301F-11D3-BF4B-00C04F79EFBC}") = "DaoGestionMagasins", "DaoGestionMagasins\DaoGestionMagasins.csproj", "{46DE3BDB-D8E4-4CA4-A900-BDA26473290A}"
EndProject
Global
	GlobalSection(SolutionConfigurationPlatforms) = preSolution
		Debug|Any CPU = Debug|Any CPU
		Debug|Mixed Platforms = Debug|Mixed Platforms
		Debug|x86 = Debug|x86
		Release|Any CPU = Release|Any CPU
		Release|Mixed Platforms = Release|Mixed Platforms
		Release|x86 = Release|x86
	EndGlobalSection
	GlobalSection(ProjectConfigurationPlatforms) = postSolution
		{2D5DC970-FD76-4680-BA9E-93F2537C4FCD}.Debug|Any CPU.ActiveCfg = Debug|x86
		{2D5DC970-FD76-4680-BA9E-93F2537C4FCD}.Debug|Mixed Platforms.ActiveCfg = Debug|x86
		{2D5DC970-FD76-4680-BA9E-93F2537C4FCD}.Debug|Mixed Platforms.Build.0 = Debug|x86
		{2D5DC970-FD76-4680-BA9E-93F2537C4FCD}.Debug|x86.ActiveCfg = Debug|x86
		{2D5DC970-FD76-4680-BA9E-93F2537C4FCD}.Debug|x86.Build.0 = Debug|x86
		{2D5DC970-FD76-4680-BA9E-93F2537C4FCD}.Release|Any CPU.ActiveCfg = Release|x86
		{2D5DC970-FD76-4680-BA9E-93F2537C4FCD}.Release|Mixed Platforms.ActiveCfg = Release|x86
		{2D5DC970-FD76-4680-BA9E-93F2537C4FCD}.Release|Mixed Platforms.Build.0 = Release|x86
		{2D5DC970-FD76-4680-BA9E-93F2537C4FCD}.Release|x86.ActiveCfg = Release|x86
		{2D5DC970-FD76-4680-BA9E-93F2537C4FCD}.Release|x86.Build.0 = Release|x86
		{46DE3BDB-D8E4-4CA4-A900-BDA26473290A}.Debug|Any CPU.ActiveCfg = Debug|Any CPU
		{46DE3BDB-D8E4-4CA4-A900-BDA26473290A}.Debug|Any CPU.Build.0 = Debug|Any CPU
		{46DE3BDB-D8E4-4CA4-A900-BDA26473290A}.Debug|Mixed Platforms.ActiveCfg = Debug|Any CPU
		{46DE3BDB-D8E4-4CA4-A900-BDA26473290A}.Debug|Mixed Platforms.Build.0 = Debug|Any CPU
		{46DE3BDB-D8E4-4CA4-A900-BDA26473290A}.Debug|x86.ActiveCfg = Debug|Any CPU
		{46DE3BDB-D8E4-4CA4-A900-BDA26473290A}.Release|Any CPU.ActiveCfg = Release|Any CPU
		{46DE3BDB-D8E4-4CA4-A900-BDA26473290A}.Release|Any CPU.Build.0 = Release|Any CPU
		{46DE3BDB-D8E4-4CA4-A900-BDA26473290A}.Release|Mixed Platforms.ActiveCfg = Release|Any CPU
		{46DE3BDB-D8E4-4CA4-A900-BDA26473290A}.Release|Mixed Platforms.Build.0 = Release|Any CPU
		{46DE3BDB-D8E4-4CA4-A900-BDA26473290A}.Release|x86.ActiveCfg = Release|Any CPU
	EndGlobalSection
	GlobalSection(SolutionProperties) = preSolution
		HideSolutionNode = FALSE
	EndGlobalSection
EndGlobal
